
Microsoft Visual Studio Solution File, Format Version 12.00
# Visual Studio Version 17
VisualStudioVersion = 17.13.35931.197 d17.13
MinimumVisualStudioVersion = 10.0.40219.1
Project("{FAE04EC0-301F-11D3-BF4B-00C04F79EFBC}") = "VDVT.Micro.Product.Api", "VDVT.Micro.Product.Api.csproj", "{9EEA14FE-EF94-4532-8F3B-9C296DBF2F2A}"
EndProject
Global
	GlobalSection(SolutionConfigurationPlatforms) = preSolution
		Debug|Any CPU = Debug|Any CPU
		Release|Any CPU = Release|Any CPU
	EndGlobalSection
	GlobalSection(ProjectConfigurationPlatforms) = postSolution
		{9EEA14FE-EF94-4532-8F3B-9C296DBF2F2A}.Debug|Any CPU.ActiveCfg = Debug|Any CPU
		{9EEA14FE-EF94-4532-8F3B-9C296DBF2F2A}.Debug|Any CPU.Build.0 = Debug|Any CPU
		{9EEA14FE-EF94-4532-8F3B-9C296DBF2F2A}.Release|Any CPU.ActiveCfg = Release|Any CPU
		{9EEA14FE-EF94-4532-8F3B-9C296DBF2F2A}.Release|Any CPU.Build.0 = Release|Any CPU
	EndGlobalSection
	GlobalSection(SolutionProperties) = preSolution
		HideSolutionNode = FALSE
	EndGlobalSection
	GlobalSection(ExtensibilityGlobals) = postSolution
		SolutionGuid = {E536DA5C-A987-45D0-B49A-69DC544A53BD}
	EndGlobalSection
EndGlobal
